// !$*UTF8*$!
{
	archiveVersion = 1;
	classes = {
	};
	objectVersion = 56;
	objects = {

/* Begin PBXBuildFile section */
		001 /* TeacherLinkApp.swift in Sources */ = {isa = PBXBuildFile; fileRef = 101 /* TeacherLinkApp.swift */; };
		002 /* ContentView.swift in Sources */ = {isa = PBXBuildFile; fileRef = 102 /* ContentView.swift */; };
		003 /* Assets.xcassets in Resources */ = {isa = PBXBuildFile; fileRef = 103 /* Assets.xcassets */; };
		010 /* User.swift in Sources */ = {isa = PBXBuildFile; fileRef = 110 /* User.swift */; };
		011 /* Classroom.swift in Sources */ = {isa = PBXBuildFile; fileRef = 111 /* Classroom.swift */; };
		012 /* Student.swift in Sources */ = {isa = PBXBuildFile; fileRef = 112 /* Student.swift */; };
		013 /* Story.swift in Sources */ = {isa = PBXBuildFile; fileRef = 113 /* Story.swift */; };
		014 /* Message.swift in Sources */ = {isa = PBXBuildFile; fileRef = 114 /* Message.swift */; };
		015 /* Points.swift in Sources */ = {isa = PBXBuildFile; fileRef = 115 /* Points.swift */; };
		016 /* PhotoAlbum.swift in Sources */ = {isa = PBXBuildFile; fileRef = 116 /* PhotoAlbum.swift */; };
		017 /* ParentProfile.swift in Sources */ = {isa = PBXBuildFile; fileRef = 117 /* ParentProfile.swift */; };
		018 /* DailyContent.swift in Sources */ = {isa = PBXBuildFile; fileRef = 118 /* DailyContent.swift */; };
		020 /* AuthService.swift in Sources */ = {isa = PBXBuildFile; fileRef = 120 /* AuthService.swift */; };
		021 /* ClassroomService.swift in Sources */ = {isa = PBXBuildFile; fileRef = 121 /* ClassroomService.swift */; };
		022 /* StoryService.swift in Sources */ = {isa = PBXBuildFile; fileRef = 122 /* StoryService.swift */; };
		023 /* MessageService.swift in Sources */ = {isa = PBXBuildFile; fileRef = 123 /* MessageService.swift */; };
		024 /* PointsService.swift in Sources */ = {isa = PBXBuildFile; fileRef = 124 /* PointsService.swift */; };
		025 /* MockDataService.swift in Sources */ = {isa = PBXBuildFile; fileRef = 125 /* MockDataService.swift */; };
		026 /* SupabaseConfig.swift in Sources */ = {isa = PBXBuildFile; fileRef = 126 /* SupabaseConfig.swift */; };
		027 /* AuthenticationService.swift in Sources */ = {isa = PBXBuildFile; fileRef = 127 /* AuthenticationService.swift */; };
		028 /* AppUser.swift in Sources */ = {isa = PBXBuildFile; fileRef = 128 /* AppUser.swift */; };
		029A /* SupabaseLoginView.swift in Sources */ = {isa = PBXBuildFile; fileRef = 129A /* SupabaseLoginView.swift */; };
		029E /* EmailConfirmationView.swift in Sources */ = {isa = PBXBuildFile; fileRef = 129E /* EmailConfirmationView.swift */; };
		029F /* AccountSetupView.swift in Sources */ = {isa = PBXBuildFile; fileRef = 129F /* AccountSetupView.swift */; };
		029B /* TeacherDashboardView.swift in Sources */ = {isa = PBXBuildFile; fileRef = 129B /* TeacherDashboardView.swift */; };
		029C /* ParentDashboardView.swift in Sources */ = {isa = PBXBuildFile; fileRef = 129C /* ParentDashboardView.swift */; };
		029D /* AdminDashboardView.swift in Sources */ = {isa = PBXBuildFile; fileRef = 129D /* AdminDashboardView.swift */; };
		030 /* AuthViewModel.swift in Sources */ = {isa = PBXBuildFile; fileRef = 130 /* AuthViewModel.swift */; };
		031 /* ClassroomViewModel.swift in Sources */ = {isa = PBXBuildFile; fileRef = 131 /* ClassroomViewModel.swift */; };
		032 /* StoryViewModel.swift in Sources */ = {isa = PBXBuildFile; fileRef = 132 /* StoryViewModel.swift */; };
		033 /* MessageViewModel.swift in Sources */ = {isa = PBXBuildFile; fileRef = 133 /* MessageViewModel.swift */; };
		034 /* PointsViewModel.swift in Sources */ = {isa = PBXBuildFile; fileRef = 134 /* PointsViewModel.swift */; };
		035 /* PhotoAlbumViewModel.swift in Sources */ = {isa = PBXBuildFile; fileRef = 135 /* PhotoAlbumViewModel.swift */; };
		036 /* ParentScoreViewModel.swift in Sources */ = {isa = PBXBuildFile; fileRef = 136 /* ParentScoreViewModel.swift */; };
		037 /* AdminViewModel.swift in Sources */ = {isa = PBXBuildFile; fileRef = 137 /* AdminViewModel.swift */; };
		040 /* MainTabView.swift in Sources */ = {isa = PBXBuildFile; fileRef = 140 /* MainTabView.swift */; };
		041 /* WelcomeView.swift in Sources */ = {isa = PBXBuildFile; fileRef = 141 /* WelcomeView.swift */; };
		042 /* SignInView.swift in Sources */ = {isa = PBXBuildFile; fileRef = 142 /* SignInView.swift */; };
		043 /* SignUpView.swift in Sources */ = {isa = PBXBuildFile; fileRef = 143 /* SignUpView.swift */; };
		044 /* StoriesView.swift in Sources */ = {isa = PBXBuildFile; fileRef = 144 /* StoriesView.swift */; };
		045 /* StoryCard.swift in Sources */ = {isa = PBXBuildFile; fileRef = 145 /* StoryCard.swift */; };
		046 /* CreateStoryView.swift in Sources */ = {isa = PBXBuildFile; fileRef = 146 /* CreateStoryView.swift */; };
		047 /* CommentsView.swift in Sources */ = {isa = PBXBuildFile; fileRef = 147 /* CommentsView.swift */; };
		048 /* MessagesView.swift in Sources */ = {isa = PBXBuildFile; fileRef = 148 /* MessagesView.swift */; };
		049 /* ChatView.swift in Sources */ = {isa = PBXBuildFile; fileRef = 149 /* ChatView.swift */; };
		050 /* NewMessageView.swift in Sources */ = {isa = PBXBuildFile; fileRef = 150 /* NewMessageView.swift */; };
		051 /* StudentsView.swift in Sources */ = {isa = PBXBuildFile; fileRef = 151 /* StudentsView.swift */; };
		052 /* AddStudentView.swift in Sources */ = {isa = PBXBuildFile; fileRef = 152 /* AddStudentView.swift */; };
		053 /* StudentDetailView.swift in Sources */ = {isa = PBXBuildFile; fileRef = 153 /* StudentDetailView.swift */; };
		054 /* SettingsView.swift in Sources */ = {isa = PBXBuildFile; fileRef = 154 /* SettingsView.swift */; };
		055 /* CreateClassView.swift in Sources */ = {isa = PBXBuildFile; fileRef = 155 /* CreateClassView.swift */; };
		056 /* JoinClassView.swift in Sources */ = {isa = PBXBuildFile; fileRef = 156 /* JoinClassView.swift */; };
		057 /* PointsView.swift in Sources */ = {isa = PBXBuildFile; fileRef = 157 /* PointsView.swift */; };
		058 /* AwardPointsSheet.swift in Sources */ = {isa = PBXBuildFile; fileRef = 158 /* AwardPointsSheet.swift */; };
		059 /* StudentPointsHistoryView.swift in Sources */ = {isa = PBXBuildFile; fileRef = 159 /* StudentPointsHistoryView.swift */; };
		060 /* CustomTextField.swift in Sources */ = {isa = PBXBuildFile; fileRef = 160 /* CustomTextField.swift */; };
		061 /* ClassPickerView.swift in Sources */ = {isa = PBXBuildFile; fileRef = 161 /* ClassPickerView.swift */; };
		062 /* PhotoAlbumsView.swift in Sources */ = {isa = PBXBuildFile; fileRef = 162 /* PhotoAlbumsView.swift */; };
		063 /* AlbumDetailView.swift in Sources */ = {isa = PBXBuildFile; fileRef = 163 /* AlbumDetailView.swift */; };
		064 /* ClassInviteView.swift in Sources */ = {isa = PBXBuildFile; fileRef = 164 /* ClassInviteView.swift */; };
		065 /* DailyContentCard.swift in Sources */ = {isa = PBXBuildFile; fileRef = 165 /* DailyContentCard.swift */; };
		066 /* ParentScoreView.swift in Sources */ = {isa = PBXBuildFile; fileRef = 166 /* ParentScoreView.swift */; };
		067 /* ClassroomManagementView.swift in Sources */ = {isa = PBXBuildFile; fileRef = 167 /* ClassroomManagementView.swift */; };
		070 /* View+Extensions.swift in Sources */ = {isa = PBXBuildFile; fileRef = 170 /* View+Extensions.swift */; };
		071 /* NewFeatures.swift in Sources */ = {isa = PBXBuildFile; fileRef = 171 /* NewFeatures.swift */; };
		072 /* FeaturesHubView.swift in Sources */ = {isa = PBXBuildFile; fileRef = 172 /* FeaturesHubView.swift */; };
		073 /* EventSignUpView.swift in Sources */ = {isa = PBXBuildFile; fileRef = 173 /* EventSignUpView.swift */; };
		074 /* WeeklyCalendarView.swift in Sources */ = {isa = PBXBuildFile; fileRef = 174 /* WeeklyCalendarView.swift */; };
		075 /* SupplyWishlistView.swift in Sources */ = {isa = PBXBuildFile; fileRef = 175 /* SupplyWishlistView.swift */; };
		076 /* MoodCheckInView.swift in Sources */ = {isa = PBXBuildFile; fileRef = 176 /* MoodCheckInView.swift */; };
		077 /* AchievementBadgesView.swift in Sources */ = {isa = PBXBuildFile; fileRef = 177 /* AchievementBadgesView.swift */; };
		078 /* ClassPetView.swift in Sources */ = {isa = PBXBuildFile; fileRef = 178 /* ClassPetView.swift */; };
		079 /* RandomPickerView.swift in Sources */ = {isa = PBXBuildFile; fileRef = 179 /* RandomPickerView.swift */; };
		07A /* PermissionSlipView.swift in Sources */ = {isa = PBXBuildFile; fileRef = 17A /* PermissionSlipView.swift */; };
		07B /* TeacherHomeView.swift in Sources */ = {isa = PBXBuildFile; fileRef = 17B /* TeacherHomeView.swift */; };
		718009502F217B6E000CB7F3 /* Auth in Frameworks */ = {isa = PBXBuildFile; productRef = 7180094F2F217B6E000CB7F3 /* Auth */; };
		718009522F217B6E000CB7F3 /* Functions in Frameworks */ = {isa = PBXBuildFile; productRef = 718009512F217B6E000CB7F3 /* Functions */; };
		718009542F217B6E000CB7F3 /* PostgREST in Frameworks */ = {isa = PBXBuildFile; productRef = 718009532F217B6E000CB7F3 /* PostgREST */; };
		718009562F217B6E000CB7F3 /* Realtime in Frameworks */ = {isa = PBXBuildFile; productRef = 718009552F217B6E000CB7F3 /* Realtime */; };
		718009582F217B6E000CB7F3 /* Storage in Frameworks */ = {isa = PBXBuildFile; productRef = 718009572F217B6E000CB7F3 /* Storage */; };
		7180095A2F217B6E000CB7F3 /* Supabase in Frameworks */ = {isa = PBXBuildFile; productRef = 718009592F217B6E000CB7F3 /* Supabase */; };
		/* Removed duplicate: 7180095C2F217F4D000CB7F3 SupabaseConfig.swift */
		7180095E2F217FAB000CB7F3 /* FIXES_SUMMARY.md in Resources */ = {isa = PBXBuildFile; fileRef = 7180095D2F217FAB000CB7F3 /* FIXES_SUMMARY.md */; };
		718009602F2180CC000CB7F3 /* QUICK_START.md in Resources */ = {isa = PBXBuildFile; fileRef = 7180095F2F2180CC000CB7F3 /* QUICK_START.md */; };
		718009622F218135000CB7F3 /* DEPLOY_TO_IPHONE.md in Resources */ = {isa = PBXBuildFile; fileRef = 718009612F218135000CB7F3 /* DEPLOY_TO_IPHONE.md */; };
		718009642F2181B6000CB7F3 /* BUILD_FIX_LATEST.md in Resources */ = {isa = PBXBuildFile; fileRef = 718009632F2181B6000CB7F3 /* BUILD_FIX_LATEST.md */; };
		718009662F218278000CB7F3 /* BUNDLE_ID_GUIDE.md in Resources */ = {isa = PBXBuildFile; fileRef = 718009652F218278000CB7F3 /* BUNDLE_ID_GUIDE.md */; };
		718009682F21856C000CB7F3 /* BUILD_VERIFIED.md in Resources */ = {isa = PBXBuildFile; fileRef = 718009672F21856C000CB7F3 /* BUILD_VERIFIED.md */; };
		7180096A2F2185CB000CB7F3 /* FINAL_FIX.md in Resources */ = {isa = PBXBuildFile; fileRef = 718009692F2185CB000CB7F3 /* FINAL_FIX.md */; };
		7180096C2F218698000CB7F3 /* SUCCESS_GUIDE.md in Resources */ = {isa = PBXBuildFile; fileRef = 7180096B2F218698000CB7F3 /* SUCCESS_GUIDE.md */; };
		AAED601E2F1DAE5500A3963E /* GoogleService-Info.plist in Resources */ = {isa = PBXBuildFile; fileRef = AAED601D2F1DAE5500A3963E /* GoogleService-Info.plist */; };
/* End PBXBuildFile section */

/* Begin PBXFileReference section */
		100 /* TeacherLink.app */ = {isa = PBXFileReference; explicitFileType = wrapper.application; includeInIndex = 0; path = TeacherLink.app; sourceTree = BUILT_PRODUCTS_DIR; };
		101 /* TeacherLinkApp.swift */ = {isa = PBXFileReference; lastKnownFileType = sourcecode.swift; path = TeacherLinkApp.swift; sourceTree = "<group>"; };
		102 /* ContentView.swift */ = {isa = PBXFileReference; lastKnownFileType = sourcecode.swift; path = ContentView.swift; sourceTree = "<group>"; };
		103 /* Assets.xcassets */ = {isa = PBXFileReference; lastKnownFileType = folder.assetcatalog; path = Assets.xcassets; sourceTree = "<group>"; };
		110 /* User.swift */ = {isa = PBXFileReference; lastKnownFileType = sourcecode.swift; path = User.swift; sourceTree = "<group>"; };
		111 /* Classroom.swift */ = {isa = PBXFileReference; lastKnownFileType = sourcecode.swift; path = Classroom.swift; sourceTree = "<group>"; };
		112 /* Student.swift */ = {isa = PBXFileReference; lastKnownFileType = sourcecode.swift; path = Student.swift; sourceTree = "<group>"; };
		113 /* Story.swift */ = {isa = PBXFileReference; lastKnownFileType = sourcecode.swift; path = Story.swift; sourceTree = "<group>"; };
		114 /* Message.swift */ = {isa = PBXFileReference; lastKnownFileType = sourcecode.swift; path = Message.swift; sourceTree = "<group>"; };
		115 /* Points.swift */ = {isa = PBXFileReference; lastKnownFileType = sourcecode.swift; path = Points.swift; sourceTree = "<group>"; };
		116 /* PhotoAlbum.swift */ = {isa = PBXFileReference; lastKnownFileType = sourcecode.swift; path = PhotoAlbum.swift; sourceTree = "<group>"; };
		117 /* ParentProfile.swift */ = {isa = PBXFileReference; lastKnownFileType = sourcecode.swift; path = ParentProfile.swift; sourceTree = "<group>"; };
		118 /* DailyContent.swift */ = {isa = PBXFileReference; lastKnownFileType = sourcecode.swift; path = DailyContent.swift; sourceTree = "<group>"; };
		120 /* AuthService.swift */ = {isa = PBXFileReference; lastKnownFileType = sourcecode.swift; path = AuthService.swift; sourceTree = "<group>"; };
		121 /* ClassroomService.swift */ = {isa = PBXFileReference; lastKnownFileType = sourcecode.swift; path = ClassroomService.swift; sourceTree = "<group>"; };
		122 /* StoryService.swift */ = {isa = PBXFileReference; lastKnownFileType = sourcecode.swift; path = StoryService.swift; sourceTree = "<group>"; };
		123 /* MessageService.swift */ = {isa = PBXFileReference; lastKnownFileType = sourcecode.swift; path = MessageService.swift; sourceTree = "<group>"; };
		124 /* PointsService.swift */ = {isa = PBXFileReference; lastKnownFileType = sourcecode.swift; path = PointsService.swift; sourceTree = "<group>"; };
		125 /* MockDataService.swift */ = {isa = PBXFileReference; lastKnownFileType = sourcecode.swift; path = MockDataService.swift; sourceTree = "<group>"; };
		126 /* SupabaseConfig.swift */ = {isa = PBXFileReference; lastKnownFileType = sourcecode.swift; path = SupabaseConfig.swift; sourceTree = "<group>"; };
		127 /* AuthenticationService.swift */ = {isa = PBXFileReference; lastKnownFileType = sourcecode.swift; path = AuthenticationService.swift; sourceTree = "<group>"; };
		128 /* AppUser.swift */ = {isa = PBXFileReference; lastKnownFileType = sourcecode.swift; path = AppUser.swift; sourceTree = "<group>"; };
		129A /* SupabaseLoginView.swift */ = {isa = PBXFileReference; lastKnownFileType = sourcecode.swift; path = SupabaseLoginView.swift; sourceTree = "<group>"; };
		129E /* EmailConfirmationView.swift */ = {isa = PBXFileReference; lastKnownFileType = sourcecode.swift; path = EmailConfirmationView.swift; sourceTree = "<group>"; };
		129F /* AccountSetupView.swift */ = {isa = PBXFileReference; lastKnownFileType = sourcecode.swift; path = AccountSetupView.swift; sourceTree = "<group>"; };
		129B /* TeacherDashboardView.swift */ = {isa = PBXFileReference; lastKnownFileType = sourcecode.swift; path = TeacherDashboardView.swift; sourceTree = "<group>"; };
		129C /* ParentDashboardView.swift */ = {isa = PBXFileReference; lastKnownFileType = sourcecode.swift; path = ParentDashboardView.swift; sourceTree = "<group>"; };
		129D /* AdminDashboardView.swift */ = {isa = PBXFileReference; lastKnownFileType = sourcecode.swift; path = AdminDashboardView.swift; sourceTree = "<group>"; };
		130 /* AuthViewModel.swift */ = {isa = PBXFileReference; lastKnownFileType = sourcecode.swift; path = AuthViewModel.swift; sourceTree = "<group>"; };
		131 /* ClassroomViewModel.swift */ = {isa = PBXFileReference; lastKnownFileType = sourcecode.swift; path = ClassroomViewModel.swift; sourceTree = "<group>"; };
		132 /* StoryViewModel.swift */ = {isa = PBXFileReference; lastKnownFileType = sourcecode.swift; path = StoryViewModel.swift; sourceTree = "<group>"; };
		133 /* MessageViewModel.swift */ = {isa = PBXFileReference; lastKnownFileType = sourcecode.swift; path = MessageViewModel.swift; sourceTree = "<group>"; };
		134 /* PointsViewModel.swift */ = {isa = PBXFileReference; lastKnownFileType = sourcecode.swift; path = PointsViewModel.swift; sourceTree = "<group>"; };
		135 /* PhotoAlbumViewModel.swift */ = {isa = PBXFileReference; lastKnownFileType = sourcecode.swift; path = PhotoAlbumViewModel.swift; sourceTree = "<group>"; };
		136 /* ParentScoreViewModel.swift */ = {isa = PBXFileReference; lastKnownFileType = sourcecode.swift; path = ParentScoreViewModel.swift; sourceTree = "<group>"; };
		137 /* AdminViewModel.swift */ = {isa = PBXFileReference; lastKnownFileType = sourcecode.swift; path = AdminViewModel.swift; sourceTree = "<group>"; };
		140 /* MainTabView.swift */ = {isa = PBXFileReference; lastKnownFileType = sourcecode.swift; path = MainTabView.swift; sourceTree = "<group>"; };
		141 /* WelcomeView.swift */ = {isa = PBXFileReference; lastKnownFileType = sourcecode.swift; path = WelcomeView.swift; sourceTree = "<group>"; };
		142 /* SignInView.swift */ = {isa = PBXFileReference; lastKnownFileType = sourcecode.swift; path = SignInView.swift; sourceTree = "<group>"; };
		143 /* SignUpView.swift */ = {isa = PBXFileReference; lastKnownFileType = sourcecode.swift; path = SignUpView.swift; sourceTree = "<group>"; };
		144 /* StoriesView.swift */ = {isa = PBXFileReference; lastKnownFileType = sourcecode.swift; path = StoriesView.swift; sourceTree = "<group>"; };
		145 /* StoryCard.swift */ = {isa = PBXFileReference; lastKnownFileType = sourcecode.swift; path = StoryCard.swift; sourceTree = "<group>"; };
		146 /* CreateStoryView.swift */ = {isa = PBXFileReference; lastKnownFileType = sourcecode.swift; path = CreateStoryView.swift; sourceTree = "<group>"; };
		147 /* CommentsView.swift */ = {isa = PBXFileReference; lastKnownFileType = sourcecode.swift; path = CommentsView.swift; sourceTree = "<group>"; };
		148 /* MessagesView.swift */ = {isa = PBXFileReference; lastKnownFileType = sourcecode.swift; path = MessagesView.swift; sourceTree = "<group>"; };
		149 /* ChatView.swift */ = {isa = PBXFileReference; lastKnownFileType = sourcecode.swift; path = ChatView.swift; sourceTree = "<group>"; };
		150 /* NewMessageView.swift */ = {isa = PBXFileReference; lastKnownFileType = sourcecode.swift; path = NewMessageView.swift; sourceTree = "<group>"; };
		151 /* StudentsView.swift */ = {isa = PBXFileReference; lastKnownFileType = sourcecode.swift; path = StudentsView.swift; sourceTree = "<group>"; };
		152 /* AddStudentView.swift */ = {isa = PBXFileReference; lastKnownFileType = sourcecode.swift; path = AddStudentView.swift; sourceTree = "<group>"; };
		153 /* StudentDetailView.swift */ = {isa = PBXFileReference; lastKnownFileType = sourcecode.swift; path = StudentDetailView.swift; sourceTree = "<group>"; };
		154 /* SettingsView.swift */ = {isa = PBXFileReference; lastKnownFileType = sourcecode.swift; path = SettingsView.swift; sourceTree = "<group>"; };
		155 /* CreateClassView.swift */ = {isa = PBXFileReference; lastKnownFileType = sourcecode.swift; path = CreateClassView.swift; sourceTree = "<group>"; };
		156 /* JoinClassView.swift */ = {isa = PBXFileReference; lastKnownFileType = sourcecode.swift; path = JoinClassView.swift; sourceTree = "<group>"; };
		157 /* PointsView.swift */ = {isa = PBXFileReference; lastKnownFileType = sourcecode.swift; path = PointsView.swift; sourceTree = "<group>"; };
		158 /* AwardPointsSheet.swift */ = {isa = PBXFileReference; lastKnownFileType = sourcecode.swift; path = AwardPointsSheet.swift; sourceTree = "<group>"; };
		159 /* StudentPointsHistoryView.swift */ = {isa = PBXFileReference; lastKnownFileType = sourcecode.swift; path = StudentPointsHistoryView.swift; sourceTree = "<group>"; };
		160 /* CustomTextField.swift */ = {isa = PBXFileReference; lastKnownFileType = sourcecode.swift; path = CustomTextField.swift; sourceTree = "<group>"; };
		161 /* ClassPickerView.swift */ = {isa = PBXFileReference; lastKnownFileType = sourcecode.swift; path = ClassPickerView.swift; sourceTree = "<group>"; };
		162 /* PhotoAlbumsView.swift */ = {isa = PBXFileReference; lastKnownFileType = sourcecode.swift; path = PhotoAlbumsView.swift; sourceTree = "<group>"; };
		163 /* AlbumDetailView.swift */ = {isa = PBXFileReference; lastKnownFileType = sourcecode.swift; path = AlbumDetailView.swift; sourceTree = "<group>"; };
		164 /* ClassInviteView.swift */ = {isa = PBXFileReference; lastKnownFileType = sourcecode.swift; path = ClassInviteView.swift; sourceTree = "<group>"; };
		165 /* DailyContentCard.swift */ = {isa = PBXFileReference; lastKnownFileType = sourcecode.swift; path = DailyContentCard.swift; sourceTree = "<group>"; };
		166 /* ParentScoreView.swift */ = {isa = PBXFileReference; lastKnownFileType = sourcecode.swift; path = ParentScoreView.swift; sourceTree = "<group>"; };
		167 /* ClassroomManagementView.swift */ = {isa = PBXFileReference; lastKnownFileType = sourcecode.swift; path = ClassroomManagementView.swift; sourceTree = "<group>"; };
		170 /* View+Extensions.swift */ = {isa = PBXFileReference; lastKnownFileType = sourcecode.swift; path = "View+Extensions.swift"; sourceTree = "<group>"; };
		171 /* NewFeatures.swift */ = {isa = PBXFileReference; lastKnownFileType = sourcecode.swift; path = NewFeatures.swift; sourceTree = "<group>"; };
		172 /* FeaturesHubView.swift */ = {isa = PBXFileReference; lastKnownFileType = sourcecode.swift; path = FeaturesHubView.swift; sourceTree = "<group>"; };
		173 /* EventSignUpView.swift */ = {isa = PBXFileReference; lastKnownFileType = sourcecode.swift; path = EventSignUpView.swift; sourceTree = "<group>"; };
		174 /* WeeklyCalendarView.swift */ = {isa = PBXFileReference; lastKnownFileType = sourcecode.swift; path = WeeklyCalendarView.swift; sourceTree = "<group>"; };
		175 /* SupplyWishlistView.swift */ = {isa = PBXFileReference; lastKnownFileType = sourcecode.swift; path = SupplyWishlistView.swift; sourceTree = "<group>"; };
		176 /* MoodCheckInView.swift */ = {isa = PBXFileReference; lastKnownFileType = sourcecode.swift; path = MoodCheckInView.swift; sourceTree = "<group>"; };
		177 /* AchievementBadgesView.swift */ = {isa = PBXFileReference; lastKnownFileType = sourcecode.swift; path = AchievementBadgesView.swift; sourceTree = "<group>"; };
		178 /* ClassPetView.swift */ = {isa = PBXFileReference; lastKnownFileType = sourcecode.swift; path = ClassPetView.swift; sourceTree = "<group>"; };
		179 /* RandomPickerView.swift */ = {isa = PBXFileReference; lastKnownFileType = sourcecode.swift; path = RandomPickerView.swift; sourceTree = "<group>"; };
		17A /* PermissionSlipView.swift */ = {isa = PBXFileReference; lastKnownFileType = sourcecode.swift; path = PermissionSlipView.swift; sourceTree = "<group>"; };
		17B /* TeacherHomeView.swift */ = {isa = PBXFileReference; lastKnownFileType = sourcecode.swift; path = TeacherHomeView.swift; sourceTree = "<group>"; };
		7180095D2F217FAB000CB7F3 /* FIXES_SUMMARY.md */ = {isa = PBXFileReference; lastKnownFileType = net.daringfireball.markdown; path = FIXES_SUMMARY.md; sourceTree = "<group>"; };
		7180095F2F2180CC000CB7F3 /* QUICK_START.md */ = {isa = PBXFileReference; lastKnownFileType = net.daringfireball.markdown; path = QUICK_START.md; sourceTree = "<group>"; };
		718009612F218135000CB7F3 /* DEPLOY_TO_IPHONE.md */ = {isa = PBXFileReference; lastKnownFileType = net.daringfireball.markdown; path = DEPLOY_TO_IPHONE.md; sourceTree = "<group>"; };
		718009632F2181B6000CB7F3 /* BUILD_FIX_LATEST.md */ = {isa = PBXFileReference; lastKnownFileType = net.daringfireball.markdown; path = BUILD_FIX_LATEST.md; sourceTree = "<group>"; };
		718009652F218278000CB7F3 /* BUNDLE_ID_GUIDE.md */ = {isa = PBXFileReference; lastKnownFileType = net.daringfireball.markdown; path = BUNDLE_ID_GUIDE.md; sourceTree = "<group>"; };
		718009672F21856C000CB7F3 /* BUILD_VERIFIED.md */ = {isa = PBXFileReference; lastKnownFileType = net.daringfireball.markdown; path = BUILD_VERIFIED.md; sourceTree = "<group>"; };
		718009692F2185CB000CB7F3 /* FINAL_FIX.md */ = {isa = PBXFileReference; lastKnownFileType = net.daringfireball.markdown; path = FINAL_FIX.md; sourceTree = "<group>"; };
		7180096B2F218698000CB7F3 /* SUCCESS_GUIDE.md */ = {isa = PBXFileReference; lastKnownFileType = net.daringfireball.markdown; path = SUCCESS_GUIDE.md; sourceTree = "<group>"; };
		AAED601D2F1DAE5500A3963E /* GoogleService-Info.plist */ = {isa = PBXFileReference; lastKnownFileType = text.plist.xml; path = "GoogleService-Info.plist"; sourceTree = "<group>"; };
/* End PBXFileReference section */

/* Begin PBXFrameworksBuildPhase section */
		200 /* Frameworks */ = {
			isa = PBXFrameworksBuildPhase;
			buildActionMask = 2147483647;
			files = (
				718009542F217B6E000CB7F3 /* PostgREST in Frameworks */,
				718009522F217B6E000CB7F3 /* Functions in Frameworks */,
				7180095A2F217B6E000CB7F3 /* Supabase in Frameworks */,
				718009502F217B6E000CB7F3 /* Auth in Frameworks */,
				718009582F217B6E000CB7F3 /* Storage in Frameworks */,
				718009562F217B6E000CB7F3 /* Realtime in Frameworks */,
			);
			runOnlyForDeploymentPostprocessing = 0;
		};
/* End PBXFrameworksBuildPhase section */

/* Begin PBXGroup section */
		300 = {
			isa = PBXGroup;
			children = (
				AAED601D2F1DAE5500A3963E /* GoogleService-Info.plist */,
				301 /* TeacherLink */,
				100 /* TeacherLink.app */,
				7180095D2F217FAB000CB7F3 /* FIXES_SUMMARY.md */,
				7180095F2F2180CC000CB7F3 /* QUICK_START.md */,
				718009612F218135000CB7F3 /* DEPLOY_TO_IPHONE.md */,
				718009632F2181B6000CB7F3 /* BUILD_FIX_LATEST.md */,
				718009652F218278000CB7F3 /* BUNDLE_ID_GUIDE.md */,
			);
			sourceTree = "<group>";
		};
		301 /* TeacherLink */ = {
			isa = PBXGroup;
			children = (
				101 /* TeacherLinkApp.swift */,
				102 /* ContentView.swift */,
				302 /* Models */,
				303 /* Views */,
				304 /* ViewModels */,
				305 /* Services */,
				306 /* Extensions */,
				307 /* Resources */,
			);
			path = TeacherLink;
			sourceTree = "<group>";
		};
		302 /* Models */ = {
			isa = PBXGroup;
			children = (
				110 /* User.swift */,
				128 /* AppUser.swift */,
				111 /* Classroom.swift */,
				112 /* Student.swift */,
				113 /* Story.swift */,
				114 /* Message.swift */,
				115 /* Points.swift */,
				116 /* PhotoAlbum.swift */,
				117 /* ParentProfile.swift */,
				118 /* DailyContent.swift */,
				171 /* NewFeatures.swift */,
			);
			path = Models;
			sourceTree = "<group>";
		};
		303 /* Views */ = {
			isa = PBXGroup;
			children = (
				140 /* MainTabView.swift */,
				17B /* TeacherHomeView.swift */,
				320 /* Admin */,
				319 /* Home */,
				308 /* Auth */,
				309 /* Stories */,
				315 /* Albums */,
				310 /* Messages */,
				311 /* Students */,
				314 /* Points */,
				316 /* Parents */,
				317 /* Management */,
				318 /* Features */,
				312 /* Settings */,
				313 /* Components */,
			);
			path = Views;
			sourceTree = "<group>";
		};
		304 /* ViewModels */ = {
			isa = PBXGroup;
			children = (
				130 /* AuthViewModel.swift */,
				137 /* AdminViewModel.swift */,
				131 /* ClassroomViewModel.swift */,
				132 /* StoryViewModel.swift */,
				133 /* MessageViewModel.swift */,
				134 /* PointsViewModel.swift */,
				135 /* PhotoAlbumViewModel.swift */,
				136 /* ParentScoreViewModel.swift */,
			);
			path = ViewModels;
			sourceTree = "<group>";
		};
		305 /* Services */ = {
			isa = PBXGroup;
			children = (
				120 /* AuthService.swift */,
				127 /* AuthenticationService.swift */,
				121 /* ClassroomService.swift */,
				122 /* StoryService.swift */,
				123 /* MessageService.swift */,
				124 /* PointsService.swift */,
				125 /* MockDataService.swift */,
				126 /* SupabaseConfig.swift */,
				718009672F21856C000CB7F3 /* BUILD_VERIFIED.md */,
				718009692F2185CB000CB7F3 /* FINAL_FIX.md */,
				7180096B2F218698000CB7F3 /* SUCCESS_GUIDE.md */,
			);
			path = Services;
			sourceTree = "<group>";
		};
		306 /* Extensions */ = {
			isa = PBXGroup;
			children = (
				170 /* View+Extensions.swift */,
			);
			path = Extensions;
			sourceTree = "<group>";
		};
		307 /* Resources */ = {
			isa = PBXGroup;
			children = (
				103 /* Assets.xcassets */,
			);
			path = Resources;
			sourceTree = "<group>";
		};
		308 /* Auth */ = {
			isa = PBXGroup;
			children = (
				141 /* WelcomeView.swift */,
				142 /* SignInView.swift */,
				143 /* SignUpView.swift */,
				129A /* SupabaseLoginView.swift */,
				129E /* EmailConfirmationView.swift */,
				129F /* AccountSetupView.swift */,
			);
			path = Auth;
			sourceTree = "<group>";
		};
		309 /* Stories */ = {
			isa = PBXGroup;
			children = (
				144 /* StoriesView.swift */,
				145 /* StoryCard.swift */,
				146 /* CreateStoryView.swift */,
				147 /* CommentsView.swift */,
			);
			path = Stories;
			sourceTree = "<group>";
		};
		310 /* Messages */ = {
			isa = PBXGroup;
			children = (
				148 /* MessagesView.swift */,
				149 /* ChatView.swift */,
				150 /* NewMessageView.swift */,
			);
			path = Messages;
			sourceTree = "<group>";
		};
		311 /* Students */ = {
			isa = PBXGroup;
			children = (
				151 /* StudentsView.swift */,
				152 /* AddStudentView.swift */,
				153 /* StudentDetailView.swift */,
			);
			path = Students;
			sourceTree = "<group>";
		};
		312 /* Settings */ = {
			isa = PBXGroup;
			children = (
				154 /* SettingsView.swift */,
				155 /* CreateClassView.swift */,
				156 /* JoinClassView.swift */,
				164 /* ClassInviteView.swift */,
			);
			path = Settings;
			sourceTree = "<group>";
		};
		313 /* Components */ = {
			isa = PBXGroup;
			children = (
				160 /* CustomTextField.swift */,
				161 /* ClassPickerView.swift */,
				165 /* DailyContentCard.swift */,
			);
			path = Components;
			sourceTree = "<group>";
		};
		314 /* Points */ = {
			isa = PBXGroup;
			children = (
				157 /* PointsView.swift */,
				158 /* AwardPointsSheet.swift */,
				159 /* StudentPointsHistoryView.swift */,
			);
			path = Points;
			sourceTree = "<group>";
		};
		315 /* Albums */ = {
			isa = PBXGroup;
			children = (
				162 /* PhotoAlbumsView.swift */,
				163 /* AlbumDetailView.swift */,
			);
			path = Albums;
			sourceTree = "<group>";
		};
		316 /* Parents */ = {
			isa = PBXGroup;
			children = (
				166 /* ParentScoreView.swift */,
			);
			path = Parents;
			sourceTree = "<group>";
		};
		317 /* Management */ = {
			isa = PBXGroup;
			children = (
				167 /* ClassroomManagementView.swift */,
			);
			path = Management;
			sourceTree = "<group>";
		};
		318 /* Features */ = {
			isa = PBXGroup;
			children = (
				172 /* FeaturesHubView.swift */,
				173 /* EventSignUpView.swift */,
				174 /* WeeklyCalendarView.swift */,
				175 /* SupplyWishlistView.swift */,
				176 /* MoodCheckInView.swift */,
				177 /* AchievementBadgesView.swift */,
				178 /* ClassPetView.swift */,
				179 /* RandomPickerView.swift */,
				17A /* PermissionSlipView.swift */,
			);
			path = Features;
			sourceTree = "<group>";
		};
		319 /* Home */ = {
			isa = PBXGroup;
			children = (
				129B /* TeacherDashboardView.swift */,
				129C /* ParentDashboardView.swift */,
			);
			path = Home;
			sourceTree = "<group>";
		};
		320 /* Admin */ = {
			isa = PBXGroup;
			children = (
				129D /* AdminDashboardView.swift */,
			);
			path = Admin;
			sourceTree = "<group>";
		};
/* End PBXGroup section */

/* Begin PBXNativeTarget section */
		400 /* TeacherLink */ = {
			isa = PBXNativeTarget;
			buildConfigurationList = 500 /* Build configuration list for PBXNativeTarget "TeacherLink" */;
			buildPhases = (
				401 /* Sources */,
				200 /* Frameworks */,
				402 /* Resources */,
			);
			buildRules = (
			);
			dependencies = (
			);
			name = TeacherLink;
			packageProductDependencies = (
				7180094F2F217B6E000CB7F3 /* Auth */,
				718009512F217B6E000CB7F3 /* Functions */,
				718009532F217B6E000CB7F3 /* PostgREST */,
				718009552F217B6E000CB7F3 /* Realtime */,
				718009572F217B6E000CB7F3 /* Storage */,
				718009592F217B6E000CB7F3 /* Supabase */,
			);
			productName = TeacherLink;
			productReference = 100 /* TeacherLink.app */;
			productType = "com.apple.product-type.application";
		};
/* End PBXNativeTarget section */

/* Begin PBXProject section */
		600 /* Project object */ = {
			isa = PBXProject;
			attributes = {
				BuildIndependentTargetsInParallel = 1;
				LastSwiftUpdateCheck = 1500;
				LastUpgradeCheck = 2620;
				TargetAttributes = {
					400 = {
						CreatedOnToolsVersion = 15.0;
					};
				};
			};
			buildConfigurationList = 601 /* Build configuration list for PBXProject "TeacherLink" */;
			compatibilityVersion = "Xcode 14.0";
			developmentRegion = en;
			hasScannedForEncodings = 0;
			knownRegions = (
				en,
				Base,
			);
			mainGroup = 300;
			packageReferences = (
				7180094E2F217B6E000CB7F3 /* XCRemoteSwiftPackageReference "supabase-swift" */,
			);
			productRefGroup = 100 /* TeacherLink.app */;
			projectDirPath = "";
			projectRoot = "";
			targets = (
				400 /* TeacherLink */,
			);
		};
/* End PBXProject section */

/* Begin PBXResourcesBuildPhase section */
		402 /* Resources */ = {
			isa = PBXResourcesBuildPhase;
			buildActionMask = 2147483647;
			files = (
				003 /* Assets.xcassets in Resources */,
				7180096C2F218698000CB7F3 /* SUCCESS_GUIDE.md in Resources */,
				AAED601E2F1DAE5500A3963E /* GoogleService-Info.plist in Resources */,
				718009642F2181B6000CB7F3 /* BUILD_FIX_LATEST.md in Resources */,
				7180095E2F217FAB000CB7F3 /* FIXES_SUMMARY.md in Resources */,
				718009622F218135000CB7F3 /* DEPLOY_TO_IPHONE.md in Resources */,
				718009682F21856C000CB7F3 /* BUILD_VERIFIED.md in Resources */,
				718009662F218278000CB7F3 /* BUNDLE_ID_GUIDE.md in Resources */,
				7180096A2F2185CB000CB7F3 /* FINAL_FIX.md in Resources */,
				718009602F2180CC000CB7F3 /* QUICK_START.md in Resources */,
			);
			runOnlyForDeploymentPostprocessing = 0;
		};
/* End PBXResourcesBuildPhase section */

/* Begin PBXSourcesBuildPhase section */
		401 /* Sources */ = {
			isa = PBXSourcesBuildPhase;
			buildActionMask = 2147483647;
			files = (
				001 /* TeacherLinkApp.swift in Sources */,
				002 /* ContentView.swift in Sources */,
				010 /* User.swift in Sources */,
				011 /* Classroom.swift in Sources */,
				012 /* Student.swift in Sources */,
				013 /* Story.swift in Sources */,
				014 /* Message.swift in Sources */,
				015 /* Points.swift in Sources */,
				016 /* PhotoAlbum.swift in Sources */,
				020 /* AuthService.swift in Sources */,
				021 /* ClassroomService.swift in Sources */,
				022 /* StoryService.swift in Sources */,
				023 /* MessageService.swift in Sources */,
				024 /* PointsService.swift in Sources */,
				025 /* MockDataService.swift in Sources */,
				026 /* SupabaseConfig.swift in Sources */,
				027 /* AuthenticationService.swift in Sources */,
				028 /* AppUser.swift in Sources */,
				029A /* SupabaseLoginView.swift in Sources */,
				029E /* EmailConfirmationView.swift in Sources */,
				029F /* AccountSetupView.swift in Sources */,
				029B /* TeacherDashboardView.swift in Sources */,
				029C /* ParentDashboardView.swift in Sources */,
				029D /* AdminDashboardView.swift in Sources */,
				030 /* AuthViewModel.swift in Sources */,
				037 /* AdminViewModel.swift in Sources */,
				031 /* ClassroomViewModel.swift in Sources */,
				032 /* StoryViewModel.swift in Sources */,
				033 /* MessageViewModel.swift in Sources */,
				034 /* PointsViewModel.swift in Sources */,
				035 /* PhotoAlbumViewModel.swift in Sources */,
				040 /* MainTabView.swift in Sources */,
				041 /* WelcomeView.swift in Sources */,
				042 /* SignInView.swift in Sources */,
				043 /* SignUpView.swift in Sources */,
				044 /* StoriesView.swift in Sources */,
				045 /* StoryCard.swift in Sources */,
				046 /* CreateStoryView.swift in Sources */,
				047 /* CommentsView.swift in Sources */,
				048 /* MessagesView.swift in Sources */,
				049 /* ChatView.swift in Sources */,
				050 /* NewMessageView.swift in Sources */,
				051 /* StudentsView.swift in Sources */,
				052 /* AddStudentView.swift in Sources */,
				053 /* StudentDetailView.swift in Sources */,
				057 /* PointsView.swift in Sources */,
				058 /* AwardPointsSheet.swift in Sources */,
				059 /* StudentPointsHistoryView.swift in Sources */,
				/* Removed duplicate SupabaseConfig.swift */
				054 /* SettingsView.swift in Sources */,
				055 /* CreateClassView.swift in Sources */,
				056 /* JoinClassView.swift in Sources */,
				062 /* PhotoAlbumsView.swift in Sources */,
				063 /* AlbumDetailView.swift in Sources */,
				064 /* ClassInviteView.swift in Sources */,
				060 /* CustomTextField.swift in Sources */,
				061 /* ClassPickerView.swift in Sources */,
				/* Removed duplicate MainTabView.swift */
				065 /* DailyContentCard.swift in Sources */,
				066 /* ParentScoreView.swift in Sources */,
				067 /* ClassroomManagementView.swift in Sources */,
				017 /* ParentProfile.swift in Sources */,
				018 /* DailyContent.swift in Sources */,
				036 /* ParentScoreViewModel.swift in Sources */,
				070 /* View+Extensions.swift in Sources */,
				071 /* NewFeatures.swift in Sources */,
				072 /* FeaturesHubView.swift in Sources */,
				073 /* EventSignUpView.swift in Sources */,
				074 /* WeeklyCalendarView.swift in Sources */,
				075 /* SupplyWishlistView.swift in Sources */,
				076 /* MoodCheckInView.swift in Sources */,
				077 /* AchievementBadgesView.swift in Sources */,
				078 /* ClassPetView.swift in Sources */,
				079 /* RandomPickerView.swift in Sources */,
				07A /* PermissionSlipView.swift in Sources */,
				07B /* TeacherHomeView.swift in Sources */,
			);
			runOnlyForDeploymentPostprocessing = 0;
		};
/* End PBXSourcesBuildPhase section */

/* Begin XCBuildConfiguration section */
		800 /* Debug */ = {
			isa = XCBuildConfiguration;
			buildSettings = {
				ALWAYS_SEARCH_USER_PATHS = NO;
				ASSETCATALOG_COMPILER_GENERATE_SWIFT_ASSET_SYMBOL_EXTENSIONS = YES;
				CLANG_ANALYZER_NONNULL = YES;
				CLANG_ANALYZER_NUMBER_OBJECT_CONVERSION = YES_AGGRESSIVE;
				CLANG_CXX_LANGUAGE_STANDARD = "gnu++20";
				CLANG_ENABLE_MODULES = YES;
				CLANG_ENABLE_OBJC_ARC = YES;
				CLANG_ENABLE_OBJC_WEAK = YES;
				CLANG_WARN_BLOCK_CAPTURE_AUTORELEASING = YES;
				CLANG_WARN_BOOL_CONVERSION = YES;
				CLANG_WARN_COMMA = YES;
				CLANG_WARN_CONSTANT_CONVERSION = YES;
				CLANG_WARN_DEPRECATED_OBJC_IMPLEMENTATIONS = YES;
				CLANG_WARN_DIRECT_OBJC_ISA_USAGE = YES_ERROR;
				CLANG_WARN_DOCUMENTATION_COMMENTS = YES;
				CLANG_WARN_EMPTY_BODY = YES;
				CLANG_WARN_ENUM_CONVERSION = YES;
				CLANG_WARN_INFINITE_RECURSION = YES;
				CLANG_WARN_INT_CONVERSION = YES;
				CLANG_WARN_NON_LITERAL_NULL_CONVERSION = YES;
				CLANG_WARN_OBJC_IMPLICIT_RETAIN_SELF = YES;
				CLANG_WARN_OBJC_LITERAL_CONVERSION = YES;
				CLANG_WARN_OBJC_ROOT_CLASS = YES_ERROR;
				CLANG_WARN_QUOTED_INCLUDE_IN_FRAMEWORK_HEADER = YES;
				CLANG_WARN_RANGE_LOOP_ANALYSIS = YES;
				CLANG_WARN_STRICT_PROTOTYPES = YES;
				CLANG_WARN_SUSPICIOUS_MOVE = YES;
				CLANG_WARN_UNGUARDED_AVAILABILITY = YES_AGGRESSIVE;
				CLANG_WARN_UNREACHABLE_CODE = YES;
				CLANG_WARN__DUPLICATE_METHOD_MATCH = YES;
				COPY_PHASE_STRIP = NO;
				DEBUG_INFORMATION_FORMAT = dwarf;
				DEVELOPMENT_TEAM = Q6JLYT4NCH;
				ENABLE_STRICT_OBJC_MSGSEND = YES;
				ENABLE_TESTABILITY = YES;
				ENABLE_USER_SCRIPT_SANDBOXING = YES;
				GCC_C_LANGUAGE_STANDARD = gnu17;
				GCC_DYNAMIC_NO_PIC = NO;
				GCC_NO_COMMON_BLOCKS = YES;
				GCC_OPTIMIZATION_LEVEL = 0;
				GCC_PREPROCESSOR_DEFINITIONS = (
					"DEBUG=1",
					"$(inherited)",
				);
				GCC_WARN_64_TO_32_BIT_CONVERSION = YES;
				GCC_WARN_ABOUT_RETURN_TYPE = YES_ERROR;
				GCC_WARN_UNDECLARED_SELECTOR = YES;
				GCC_WARN_UNINITIALIZED_AUTOS = YES_AGGRESSIVE;
				GCC_WARN_UNUSED_FUNCTION = YES;
				GCC_WARN_UNUSED_VARIABLE = YES;
				IPHONEOS_DEPLOYMENT_TARGET = 17.0;
				LOCALIZATION_PREFERS_STRING_CATALOGS = YES;
				MTL_ENABLE_DEBUG_INFO = INCLUDE_SOURCE;
				MTL_FAST_MATH = YES;
				ONLY_ACTIVE_ARCH = YES;
				SDKROOT = iphoneos;
				STRING_CATALOG_GENERATE_SYMBOLS = YES;
				SWIFT_ACTIVE_COMPILATION_CONDITIONS = "DEBUG $(inherited)";
				SWIFT_OPTIMIZATION_LEVEL = "-Onone";
			};
			name = Debug;
		};
		801 /* Release */ = {
			isa = XCBuildConfiguration;
			buildSettings = {
				ALWAYS_SEARCH_USER_PATHS = NO;
				ASSETCATALOG_COMPILER_GENERATE_SWIFT_ASSET_SYMBOL_EXTENSIONS = YES;
				CLANG_ANALYZER_NONNULL = YES;
				CLANG_ANALYZER_NUMBER_OBJECT_CONVERSION = YES_AGGRESSIVE;
				CLANG_CXX_LANGUAGE_STANDARD = "gnu++20";
				CLANG_ENABLE_MODULES = YES;
				CLANG_ENABLE_OBJC_ARC = YES;
				CLANG_ENABLE_OBJC_WEAK = YES;
				CLANG_WARN_BLOCK_CAPTURE_AUTORELEASING = YES;
				CLANG_WARN_BOOL_CONVERSION = YES;
				CLANG_WARN_COMMA = YES;
				CLANG_WARN_CONSTANT_CONVERSION = YES;
				CLANG_WARN_DEPRECATED_OBJC_IMPLEMENTATIONS = YES;
				CLANG_WARN_DIRECT_OBJC_ISA_USAGE = YES_ERROR;
				CLANG_WARN_DOCUMENTATION_COMMENTS = YES;
				CLANG_WARN_EMPTY_BODY = YES;
				CLANG_WARN_ENUM_CONVERSION = YES;
				CLANG_WARN_INFINITE_RECURSION = YES;
				CLANG_WARN_INT_CONVERSION = YES;
				CLANG_WARN_NON_LITERAL_NULL_CONVERSION = YES;
				CLANG_WARN_OBJC_IMPLICIT_RETAIN_SELF = YES;
				CLANG_WARN_OBJC_LITERAL_CONVERSION = YES;
				CLANG_WARN_OBJC_ROOT_CLASS = YES_ERROR;
				CLANG_WARN_QUOTED_INCLUDE_IN_FRAMEWORK_HEADER = YES;
				CLANG_WARN_RANGE_LOOP_ANALYSIS = YES;
				CLANG_WARN_STRICT_PROTOTYPES = YES;
				CLANG_WARN_SUSPICIOUS_MOVE = YES;
				CLANG_WARN_UNGUARDED_AVAILABILITY = YES_AGGRESSIVE;
				CLANG_WARN_UNREACHABLE_CODE = YES;
				CLANG_WARN__DUPLICATE_METHOD_MATCH = YES;
				COPY_PHASE_STRIP = NO;
				DEBUG_INFORMATION_FORMAT = "dwarf-with-dsym";
				DEVELOPMENT_TEAM = Q6JLYT4NCH;
				ENABLE_NS_ASSERTIONS = NO;
				ENABLE_STRICT_OBJC_MSGSEND = YES;
				ENABLE_USER_SCRIPT_SANDBOXING = YES;
				GCC_C_LANGUAGE_STANDARD = gnu17;
				GCC_NO_COMMON_BLOCKS = YES;
				GCC_WARN_64_TO_32_BIT_CONVERSION = YES;
				GCC_WARN_ABOUT_RETURN_TYPE = YES_ERROR;
				GCC_WARN_UNDECLARED_SELECTOR = YES;
				GCC_WARN_UNINITIALIZED_AUTOS = YES_AGGRESSIVE;
				GCC_WARN_UNUSED_FUNCTION = YES;
				GCC_WARN_UNUSED_VARIABLE = YES;
				IPHONEOS_DEPLOYMENT_TARGET = 17.0;
				LOCALIZATION_PREFERS_STRING_CATALOGS = YES;
				MTL_ENABLE_DEBUG_INFO = NO;
				MTL_FAST_MATH = YES;
				SDKROOT = iphoneos;
				STRING_CATALOG_GENERATE_SYMBOLS = YES;
				SWIFT_COMPILATION_MODE = wholemodule;
				VALIDATE_PRODUCT = YES;
			};
			name = Release;
		};
		802 /* Debug */ = {
			isa = XCBuildConfiguration;
			buildSettings = {
				ASSETCATALOG_COMPILER_APPICON_NAME = AppIcon;
				ASSETCATALOG_COMPILER_GLOBAL_ACCENT_COLOR_NAME = AccentColor;
				CODE_SIGN_STYLE = Automatic;
				CURRENT_PROJECT_VERSION = 2;
				ENABLE_PREVIEWS = YES;
				GENERATE_INFOPLIST_FILE = YES;
				INFOPLIST_KEY_CFBundleDisplayName = "Hall Pass";
				INFOPLIST_KEY_LSApplicationCategoryType = "public.app-category.education";
				INFOPLIST_KEY_NSCameraUsageDescription = "Hall Pass needs camera access to take photos for class stories.";
				INFOPLIST_KEY_NSPhotoLibraryUsageDescription = "Hall Pass needs photo library access to share photos in class stories.";
				INFOPLIST_KEY_UIApplicationSceneManifest_Generation = YES;
				INFOPLIST_KEY_UIApplicationSupportsIndirectInputEvents = YES;
				INFOPLIST_KEY_UILaunchScreen_Generation = YES;
				INFOPLIST_KEY_UISupportedInterfaceOrientations_iPad = "UIInterfaceOrientationPortrait UIInterfaceOrientationPortraitUpsideDown UIInterfaceOrientationLandscapeLeft UIInterfaceOrientationLandscapeRight";
				INFOPLIST_KEY_UISupportedInterfaceOrientations_iPhone = "UIInterfaceOrientationPortrait UIInterfaceOrientationLandscapeLeft UIInterfaceOrientationLandscapeRight";
				LD_RUNPATH_SEARCH_PATHS = (
					"$(inherited)",
					"@executable_path/Frameworks",
				);
				MARKETING_VERSION = 1.0.0;
				PRODUCT_BUNDLE_IDENTIFIER = com.hallpass.ddtech.app;
				PRODUCT_NAME = "$(TARGET_NAME)";
				SWIFT_EMIT_LOC_STRINGS = YES;
				SWIFT_VERSION = 5.0;
				TARGETED_DEVICE_FAMILY = "1,2";
			};
			name = Debug;
		};
		803 /* Release */ = {
			isa = XCBuildConfiguration;
			buildSettings = {
				ASSETCATALOG_COMPILER_APPICON_NAME = AppIcon;
				ASSETCATALOG_COMPILER_GLOBAL_ACCENT_COLOR_NAME = AccentColor;
				CODE_SIGN_STYLE = Automatic;
				CURRENT_PROJECT_VERSION = 2;
				ENABLE_PREVIEWS = YES;
				GENERATE_INFOPLIST_FILE = YES;
				INFOPLIST_KEY_CFBundleDisplayName = "Hall Pass";
				INFOPLIST_KEY_LSApplicationCategoryType = "public.app-category.education";
				INFOPLIST_KEY_NSCameraUsageDescription = "Hall Pass needs camera access to take photos for class stories.";
				INFOPLIST_KEY_NSPhotoLibraryUsageDescription = "Hall Pass needs photo library access to share photos in class stories.";
				INFOPLIST_KEY_UIApplicationSceneManifest_Generation = YES;
				INFOPLIST_KEY_UIApplicationSupportsIndirectInputEvents = YES;
				INFOPLIST_KEY_UILaunchScreen_Generation = YES;
				INFOPLIST_KEY_UISupportedInterfaceOrientations_iPad = "UIInterfaceOrientationPortrait UIInterfaceOrientationPortraitUpsideDown UIInterfaceOrientationLandscapeLeft UIInterfaceOrientationLandscapeRight";
				INFOPLIST_KEY_UISupportedInterfaceOrientations_iPhone = "UIInterfaceOrientationPortrait UIInterfaceOrientationLandscapeLeft UIInterfaceOrientationLandscapeRight";
				LD_RUNPATH_SEARCH_PATHS = (
					"$(inherited)",
					"@executable_path/Frameworks",
				);
				MARKETING_VERSION = 1.0.0;
				PRODUCT_BUNDLE_IDENTIFIER = com.hallpass.ddtech.app;
				PRODUCT_NAME = "$(TARGET_NAME)";
				SWIFT_EMIT_LOC_STRINGS = YES;
				SWIFT_VERSION = 5.0;
				TARGETED_DEVICE_FAMILY = "1,2";
			};
			name = Release;
		};
/* End XCBuildConfiguration section */

/* Begin XCConfigurationList section */
		500 /* Build configuration list for PBXNativeTarget "TeacherLink" */ = {
			isa = XCConfigurationList;
			buildConfigurations = (
				802 /* Debug */,
				803 /* Release */,
			);
			defaultConfigurationIsVisible = 0;
			defaultConfigurationName = Release;
		};
		601 /* Build configuration list for PBXProject "TeacherLink" */ = {
			isa = XCConfigurationList;
			buildConfigurations = (
				800 /* Debug */,
				801 /* Release */,
			);
			defaultConfigurationIsVisible = 0;
			defaultConfigurationName = Release;
		};
/* End XCConfigurationList section */

/* Begin XCRemoteSwiftPackageReference section */
		7180094E2F217B6E000CB7F3 /* XCRemoteSwiftPackageReference "supabase-swift" */ = {
			isa = XCRemoteSwiftPackageReference;
			repositoryURL = "https://github.com/supabase/supabase-swift";
			requirement = {
				kind = upToNextMajorVersion;
				minimumVersion = 2.5.1;
			};
		};
/* End XCRemoteSwiftPackageReference section */

/* Begin XCSwiftPackageProductDependency section */
		7180094F2F217B6E000CB7F3 /* Auth */ = {
			isa = XCSwiftPackageProductDependency;
			package = 7180094E2F217B6E000CB7F3 /* XCRemoteSwiftPackageReference "supabase-swift" */;
			productName = Auth;
		};
		718009512F217B6E000CB7F3 /* Functions */ = {
			isa = XCSwiftPackageProductDependency;
			package = 7180094E2F217B6E000CB7F3 /* XCRemoteSwiftPackageReference "supabase-swift" */;
			productName = Functions;
		};
		718009532F217B6E000CB7F3 /* PostgREST */ = {
			isa = XCSwiftPackageProductDependency;
			package = 7180094E2F217B6E000CB7F3 /* XCRemoteSwiftPackageReference "supabase-swift" */;
			productName = PostgREST;
		};
		718009552F217B6E000CB7F3 /* Realtime */ = {
			isa = XCSwiftPackageProductDependency;
			package = 7180094E2F217B6E000CB7F3 /* XCRemoteSwiftPackageReference "supabase-swift" */;
			productName = Realtime;
		};
		718009572F217B6E000CB7F3 /* Storage */ = {
			isa = XCSwiftPackageProductDependency;
			package = 7180094E2F217B6E000CB7F3 /* XCRemoteSwiftPackageReference "supabase-swift" */;
			productName = Storage;
		};
		718009592F217B6E000CB7F3 /* Supabase */ = {
			isa = XCSwiftPackageProductDependency;
			package = 7180094E2F217B6E000CB7F3 /* XCRemoteSwiftPackageReference "supabase-swift" */;
			productName = Supabase;
		};
/* End XCSwiftPackageProductDependency section */
	};
	rootObject = 600 /* Project object */;
}
